
Microsoft Visual Studio Solution File, Format Version 12.00
# Visual Studio Version 17
VisualStudioVersion = 17.7.34018.315
MinimumVisualStudioVersion = 10.0.40219.1
Project("{9A19103F-16F7-4668-BE54-9A1E7A4F7556}") = "PasswordManager.WebApi", "PasswordManager.WebApi\PasswordManager.WebApi.csproj", "{272487CA-C4CA-44B6-9EB1-FB310EFB9520}"
EndProject
Project("{9A19103F-16F7-4668-BE54-9A1E7A4F7556}") = "PasswordManager.Core", "PasswordManager.Core\PasswordManager.Core.csproj", "{2375E650-02E9-4B58-A681-1B8359E739ED}"
EndProject
Project("{9A19103F-16F7-4668-BE54-9A1E7A4F7556}") = "PasswordManager.Domain", "PasswordManager.Domain\PasswordManager.Domain.csproj", "{D5368A96-2232-4761-8675-2C1B304C65C2}"
EndProject
Project("{9A19103F-16F7-4668-BE54-9A1E7A4F7556}") = "PasswordManager.Infrastructure", "PasswordManager.Infrastructure\PasswordManager.Infrastructure.csproj", "{160EB0CE-5796-4F81-95AC-31A596E07A60}"
EndProject
Project("{FAE04EC0-301F-11D3-BF4B-00C04F79EFBC}") = "PasswordManager.UnitTests", "PasswordManager.UnitTests\PasswordManager.UnitTests.csproj", "{CDB3C966-2066-4DED-A21C-F1939E53E73B}"
EndProject
Global
	GlobalSection(SolutionConfigurationPlatforms) = preSolution
		Debug|Any CPU = Debug|Any CPU
		Release|Any CPU = Release|Any CPU
	EndGlobalSection
	GlobalSection(ProjectConfigurationPlatforms) = postSolution
		{272487CA-C4CA-44B6-9EB1-FB310EFB9520}.Debug|Any CPU.ActiveCfg = Debug|Any CPU
		{272487CA-C4CA-44B6-9EB1-FB310EFB9520}.Debug|Any CPU.Build.0 = Debug|Any CPU
		{272487CA-C4CA-44B6-9EB1-FB310EFB9520}.Release|Any CPU.ActiveCfg = Release|Any CPU
		{272487CA-C4CA-44B6-9EB1-FB310EFB9520}.Release|Any CPU.Build.0 = Release|Any CPU
		{2375E650-02E9-4B58-A681-1B8359E739ED}.Debug|Any CPU.ActiveCfg = Debug|Any CPU
		{2375E650-02E9-4B58-A681-1B8359E739ED}.Debug|Any CPU.Build.0 = Debug|Any CPU
		{2375E650-02E9-4B58-A681-1B8359E739ED}.Release|Any CPU.ActiveCfg = Release|Any CPU
		{2375E650-02E9-4B58-A681-1B8359E739ED}.Release|Any CPU.Build.0 = Release|Any CPU
		{D5368A96-2232-4761-8675-2C1B304C65C2}.Debug|Any CPU.ActiveCfg = Debug|Any CPU
		{D5368A96-2232-4761-8675-2C1B304C65C2}.Debug|Any CPU.Build.0 = Debug|Any CPU
		{D5368A96-2232-4761-8675-2C1B304C65C2}.Release|Any CPU.ActiveCfg = Release|Any CPU
		{D5368A96-2232-4761-8675-2C1B304C65C2}.Release|Any CPU.Build.0 = Release|Any CPU
		{160EB0CE-5796-4F81-95AC-31A596E07A60}.Debug|Any CPU.ActiveCfg = Debug|Any CPU
		{160EB0CE-5796-4F81-95AC-31A596E07A60}.Debug|Any CPU.Build.0 = Debug|Any CPU
		{160EB0CE-5796-4F81-95AC-31A596E07A60}.Release|Any CPU.ActiveCfg = Release|Any CPU
		{160EB0CE-5796-4F81-95AC-31A596E07A60}.Release|Any CPU.Build.0 = Release|Any CPU
		{CDB3C966-2066-4DED-A21C-F1939E53E73B}.Debug|Any CPU.ActiveCfg = Debug|Any CPU
		{CDB3C966-2066-4DED-A21C-F1939E53E73B}.Debug|Any CPU.Build.0 = Debug|Any CPU
		{CDB3C966-2066-4DED-A21C-F1939E53E73B}.Release|Any CPU.ActiveCfg = Release|Any CPU
		{CDB3C966-2066-4DED-A21C-F1939E53E73B}.Release|Any CPU.Build.0 = Release|Any CPU
	EndGlobalSection
	GlobalSection(SolutionProperties) = preSolution
		HideSolutionNode = FALSE
	EndGlobalSection
	GlobalSection(ExtensibilityGlobals) = postSolution
		SolutionGuid = {5FD00E59-9A1A-4375-82EC-78E53791A7D5}
	EndGlobalSection
EndGlobal
